
Microsoft Visual Studio Solution File, Format Version 12.00
# Visual Studio Version 17
VisualStudioVersion = 17.8.34330.188
MinimumVisualStudioVersion = 10.0.40219.1
Project("{9A19103F-16F7-4668-BE54-9A1E7A4F7556}") = "BookAPI", "BookAPI\BookAPI.csproj", "{D2A950B7-C2F2-47B6-9933-6E5CF604C015}"
EndProject
Global
	GlobalSection(SolutionConfigurationPlatforms) = preSolution
		Debug|Any CPU = Debug|Any CPU
		Release|Any CPU = Release|Any CPU
	EndGlobalSection
	GlobalSection(ProjectConfigurationPlatforms) = postSolution
		{D2A950B7-C2F2-47B6-9933-6E5CF604C015}.Debug|Any CPU.ActiveCfg = Debug|Any CPU
		{D2A950B7-C2F2-47B6-9933-6E5CF604C015}.Debug|Any CPU.Build.0 = Debug|Any CPU
		{D2A950B7-C2F2-47B6-9933-6E5CF604C015}.Release|Any CPU.ActiveCfg = Release|Any CPU
		{D2A950B7-C2F2-47B6-9933-6E5CF604C015}.Release|Any CPU.Build.0 = Release|Any CPU
	EndGlobalSection
	GlobalSection(SolutionProperties) = preSolution
		HideSolutionNode = FALSE
	EndGlobalSection
	GlobalSection(ExtensibilityGlobals) = postSolution
		SolutionGuid = {39DC748A-1AF8-4975-8C76-37ED282A1D86}
	EndGlobalSection
EndGlobal
